// !$*UTF8*$!
{
	archiveVersion = 1;
	classes = {
	};
	objectVersion = 50;
	objects = {

/* Begin PBXBuildFile section */
		37076175238DA45400D617D5 /* Geometry.swift in Sources */ = {isa = PBXBuildFile; fileRef = 37076174238DA45400D617D5 /* Geometry.swift */; };
		372651422374B4E5007C841D /* MyTileSet.sks in Resources */ = {isa = PBXBuildFile; fileRef = 372651412374B4E5007C841D /* MyTileSet.sks */; };
		37606AC42359B98800FEAE6D /* AppDelegate.swift in Sources */ = {isa = PBXBuildFile; fileRef = 37606AC32359B98800FEAE6D /* AppDelegate.swift */; };
		37606AC62359B98800FEAE6D /* GameScene.sks in Resources */ = {isa = PBXBuildFile; fileRef = 37606AC52359B98800FEAE6D /* GameScene.sks */; };
		37606AC82359B98800FEAE6D /* Actions.sks in Resources */ = {isa = PBXBuildFile; fileRef = 37606AC72359B98800FEAE6D /* Actions.sks */; };
		37606ACA2359B98800FEAE6D /* GameScene.swift in Sources */ = {isa = PBXBuildFile; fileRef = 37606AC92359B98800FEAE6D /* GameScene.swift */; };
		37606ACC2359B98800FEAE6D /* GameViewController.swift in Sources */ = {isa = PBXBuildFile; fileRef = 37606ACB2359B98800FEAE6D /* GameViewController.swift */; };
		37606AD12359B98E00FEAE6D /* Assets.xcassets in Resources */ = {isa = PBXBuildFile; fileRef = 37606AD02359B98E00FEAE6D /* Assets.xcassets */; };
		37606AD42359B98E00FEAE6D /* LaunchScreen.storyboard in Resources */ = {isa = PBXBuildFile; fileRef = 37606AD22359B98E00FEAE6D /* LaunchScreen.storyboard */; };
		37606ADF2359B98F00FEAE6D /* Guns_and_DungeonsTests.swift in Sources */ = {isa = PBXBuildFile; fileRef = 37606ADE2359B98F00FEAE6D /* Guns_and_DungeonsTests.swift */; };
		37606AEA2359BAA100FEAE6D /* MainNavigationController.swift in Sources */ = {isa = PBXBuildFile; fileRef = 37606AE92359BAA100FEAE6D /* MainNavigationController.swift */; };
		37606AEC2359BAEB00FEAE6D /* MenuViewController.swift in Sources */ = {isa = PBXBuildFile; fileRef = 37606AEB2359BAEB00FEAE6D /* MenuViewController.swift */; };
		37606AEE2359BDE900FEAE6D /* FuncButtons.swift in Sources */ = {isa = PBXBuildFile; fileRef = 37606AED2359BDE900FEAE6D /* FuncButtons.swift */; };
		3791A8F32359C3E500212BBC /* FuncView.swift in Sources */ = {isa = PBXBuildFile; fileRef = 3791A8F22359C3E500212BBC /* FuncView.swift */; };
		37DF35DA237E969500437375 /* LevelsInfo.xcdatamodeld in Sources */ = {isa = PBXBuildFile; fileRef = 37DF35D8237E969500437375 /* LevelsInfo.xcdatamodeld */; };
		37DF35DC237E96BC00437375 /* DataBaseController.swift in Sources */ = {isa = PBXBuildFile; fileRef = 37DF35DB237E96BC00437375 /* DataBaseController.swift */; };
		37DF35E3237E9A4A00437375 /* Statistics+CoreDataClass.swift in Sources */ = {isa = PBXBuildFile; fileRef = 37DF35E1237E9A4A00437375 /* Statistics+CoreDataClass.swift */; };
		37DF35E4237E9A4A00437375 /* Statistics+CoreDataProperties.swift in Sources */ = {isa = PBXBuildFile; fileRef = 37DF35E2237E9A4A00437375 /* Statistics+CoreDataProperties.swift */; };
		7A01D017237D8E1300D0A4E8 /* Joystic.swift in Sources */ = {isa = PBXBuildFile; fileRef = 7A01D016237D8E1300D0A4E8 /* Joystic.swift */; };
		7A02E2E923883638002AD8FD /* Level-2.sks in Resources */ = {isa = PBXBuildFile; fileRef = 7A02E2E823883638002AD8FD /* Level-2.sks */; };
		7A02E2EB23883DDE002AD8FD /* Level-3.sks in Resources */ = {isa = PBXBuildFile; fileRef = 7A02E2EA23883DDE002AD8FD /* Level-3.sks */; };
		7A0E9B09239903A700494BCF /* UIObserver.swift in Sources */ = {isa = PBXBuildFile; fileRef = 7A0E9B08239903A700494BCF /* UIObserver.swift */; };
		7A12C94623948EE3009C73D5 /* Switcher.swift in Sources */ = {isa = PBXBuildFile; fileRef = 7A12C94523948EE3009C73D5 /* Switcher.swift */; };
		7A18182B2389391A005ECAF1 /* Level-1.sks in Resources */ = {isa = PBXBuildFile; fileRef = 7A18182A2389391A005ECAF1 /* Level-1.sks */; };
		7A1929E9237ED7D400113CB2 /* Player.swift in Sources */ = {isa = PBXBuildFile; fileRef = 7A1929E8237ED7D400113CB2 /* Player.swift */; };
		7A1929EC237ED8BD00113CB2 /* Enemy.swift in Sources */ = {isa = PBXBuildFile; fileRef = 7A1929EB237ED8BD00113CB2 /* Enemy.swift */; };
		7A1929EE237F6D6E00113CB2 /* FuncsSprites.swift in Sources */ = {isa = PBXBuildFile; fileRef = 7A1929ED237F6D6D00113CB2 /* FuncsSprites.swift */; };
		7A228594237EBB3800546589 /* PanelScrollView.swift in Sources */ = {isa = PBXBuildFile; fileRef = 7A228593237EBB3800546589 /* PanelScrollView.swift */; };
		7A228596237EBECA00546589 /* Panel.swift in Sources */ = {isa = PBXBuildFile; fileRef = 7A228595237EBECA00546589 /* Panel.swift */; };
		7A228598237EC2E200546589 /* PanelButton.swift in Sources */ = {isa = PBXBuildFile; fileRef = 7A228597237EC2E200546589 /* PanelButton.swift */; };
		7A22859A237EC40300546589 /* Protocols.swift in Sources */ = {isa = PBXBuildFile; fileRef = 7A228599237EC40300546589 /* Protocols.swift */; };
		7A22859C237EC5A300546589 /* InformationClasses.swift in Sources */ = {isa = PBXBuildFile; fileRef = 7A22859B237EC5A300546589 /* InformationClasses.swift */; };
		7A22859E237ECC6E00546589 /* MobileUnit.swift in Sources */ = {isa = PBXBuildFile; fileRef = 7A22859D237ECC6E00546589 /* MobileUnit.swift */; };
		7A2EF82C2388432B00FCA1B6 /* Button.swift in Sources */ = {isa = PBXBuildFile; fileRef = 7A2EF82B2388432B00FCA1B6 /* Button.swift */; };
		7A333600237D417F0044CAA0 /* AnimatedUnit.swift in Sources */ = {isa = PBXBuildFile; fileRef = 7A3335FF237D417F0044CAA0 /* AnimatedUnit.swift */; };
		7A3C5D8323898D3000CF991D /* gun1.png in Resources */ = {isa = PBXBuildFile; fileRef = 7A3C5D8023898D3000CF991D /* gun1.png */; };
		7A3C5D8423898D3000CF991D /* player.atlas in Resources */ = {isa = PBXBuildFile; fileRef = 7A3C5D8123898D3000CF991D /* player.atlas */; };
		7A3C5D8523898D3000CF991D /* enemy.atlas in Resources */ = {isa = PBXBuildFile; fileRef = 7A3C5D8223898D3000CF991D /* enemy.atlas */; };
		7A5AB781238094CF00096A57 /* DestroyableUnit.swift in Sources */ = {isa = PBXBuildFile; fileRef = 7A5AB780238094CF00096A57 /* DestroyableUnit.swift */; };
		7A5AB7832380953900096A57 /* Weapon.swift in Sources */ = {isa = PBXBuildFile; fileRef = 7A5AB7822380953900096A57 /* Weapon.swift */; };
		7A5AB7852380BA6400096A57 /* EnemiesController.swift in Sources */ = {isa = PBXBuildFile; fileRef = 7A5AB7842380BA6400096A57 /* EnemiesController.swift */; };
		7A5DCD2A2384AB030077D876 /* Wall.swift in Sources */ = {isa = PBXBuildFile; fileRef = 7A5DCD292384AB030077D876 /* Wall.swift */; };
		7A6A06BB2392E758005BCB1D /* Level-4.sks in Resources */ = {isa = PBXBuildFile; fileRef = 7A6A06BA2392E758005BCB1D /* Level-4.sks */; };
		7A7101DB238DD1AE000AE1E3 /* LevelStatistics.swift in Sources */ = {isa = PBXBuildFile; fileRef = 7A7101DA238DD1AE000AE1E3 /* LevelStatistics.swift */; };
		7A8989F7237DD6FC00801E32 /* Enemy.atlas in Resources */ = {isa = PBXBuildFile; fileRef = 7A8989F6237DD6FC00801E32 /* Enemy.atlas */; };
		7A89F620235A1F7600DEB50A /* SinglePlayerViewController.swift in Sources */ = {isa = PBXBuildFile; fileRef = 7A89F61F235A1F7600DEB50A /* SinglePlayerViewController.swift */; };
		7A89F622235A23DC00DEB50A /* MultiPlayerViewController.swift in Sources */ = {isa = PBXBuildFile; fileRef = 7A89F621235A23DC00DEB50A /* MultiPlayerViewController.swift */; };
		7A89F624235A23F700DEB50A /* ShopViewController.swift in Sources */ = {isa = PBXBuildFile; fileRef = 7A89F623235A23F700DEB50A /* ShopViewController.swift */; };
		7A89F626235A241A00DEB50A /* SettingsViewController.swift in Sources */ = {isa = PBXBuildFile; fileRef = 7A89F625235A241A00DEB50A /* SettingsViewController.swift */; };
		7A89F628235A41D300DEB50A /* Datastructs.swift in Sources */ = {isa = PBXBuildFile; fileRef = 7A89F627235A41D300DEB50A /* Datastructs.swift */; };
		7AA670D2239512E300250EAD /* UIIndicator.swift in Sources */ = {isa = PBXBuildFile; fileRef = 7AA670D1239512E300250EAD /* UIIndicator.swift */; };
		7ABF54F423849CD3006C2089 /* Enemies.swift in Sources */ = {isa = PBXBuildFile; fileRef = 7ABF54F323849CD3006C2089 /* Enemies.swift */; };
		7ABF54F623849E19006C2089 /* CollisionMasks.swift in Sources */ = {isa = PBXBuildFile; fileRef = 7ABF54F523849E19006C2089 /* CollisionMasks.swift */; };
/* End PBXBuildFile section */

/* Begin PBXContainerItemProxy section */
		37606ADB2359B98F00FEAE6D /* PBXContainerItemProxy */ = {
			isa = PBXContainerItemProxy;
			containerPortal = 37606AB82359B98800FEAE6D /* Project object */;
			proxyType = 1;
			remoteGlobalIDString = 37606ABF2359B98800FEAE6D;
			remoteInfo = Guns_and_Dungeons;
		};
/* End PBXContainerItemProxy section */

/* Begin PBXFileReference section */
		37076174238DA45400D617D5 /* Geometry.swift */ = {isa = PBXFileReference; lastKnownFileType = sourcecode.swift; path = Geometry.swift; sourceTree = "<group>"; };
		372651412374B4E5007C841D /* MyTileSet.sks */ = {isa = PBXFileReference; lastKnownFileType = file.sks; path = MyTileSet.sks; sourceTree = "<group>"; };
		37606AC02359B98800FEAE6D /* Guns_and_Dungeons.app */ = {isa = PBXFileReference; explicitFileType = wrapper.application; includeInIndex = 0; path = Guns_and_Dungeons.app; sourceTree = BUILT_PRODUCTS_DIR; };
		37606AC32359B98800FEAE6D /* AppDelegate.swift */ = {isa = PBXFileReference; lastKnownFileType = sourcecode.swift; path = AppDelegate.swift; sourceTree = "<group>"; };
		37606AC52359B98800FEAE6D /* GameScene.sks */ = {isa = PBXFileReference; lastKnownFileType = file.sks; path = GameScene.sks; sourceTree = "<group>"; };
		37606AC72359B98800FEAE6D /* Actions.sks */ = {isa = PBXFileReference; lastKnownFileType = file.sks; path = Actions.sks; sourceTree = "<group>"; };
		37606AC92359B98800FEAE6D /* GameScene.swift */ = {isa = PBXFileReference; lastKnownFileType = sourcecode.swift; path = GameScene.swift; sourceTree = "<group>"; };
		37606ACB2359B98800FEAE6D /* GameViewController.swift */ = {isa = PBXFileReference; lastKnownFileType = sourcecode.swift; path = GameViewController.swift; sourceTree = "<group>"; };
		37606AD02359B98E00FEAE6D /* Assets.xcassets */ = {isa = PBXFileReference; lastKnownFileType = folder.assetcatalog; path = Assets.xcassets; sourceTree = "<group>"; };
		37606AD32359B98E00FEAE6D /* Base */ = {isa = PBXFileReference; lastKnownFileType = file.storyboard; name = Base; path = Base.lproj/LaunchScreen.storyboard; sourceTree = "<group>"; };
		37606AD52359B98E00FEAE6D /* Info.plist */ = {isa = PBXFileReference; lastKnownFileType = text.plist.xml; path = Info.plist; sourceTree = "<group>"; };
		37606ADA2359B98F00FEAE6D /* Guns_and_DungeonsTests.xctest */ = {isa = PBXFileReference; explicitFileType = wrapper.cfbundle; includeInIndex = 0; path = Guns_and_DungeonsTests.xctest; sourceTree = BUILT_PRODUCTS_DIR; };
		37606ADE2359B98F00FEAE6D /* Guns_and_DungeonsTests.swift */ = {isa = PBXFileReference; lastKnownFileType = sourcecode.swift; path = Guns_and_DungeonsTests.swift; sourceTree = "<group>"; };
		37606AE02359B98F00FEAE6D /* Info.plist */ = {isa = PBXFileReference; lastKnownFileType = text.plist.xml; path = Info.plist; sourceTree = "<group>"; };
		37606AE92359BAA100FEAE6D /* MainNavigationController.swift */ = {isa = PBXFileReference; lastKnownFileType = sourcecode.swift; path = MainNavigationController.swift; sourceTree = "<group>"; };
		37606AEB2359BAEB00FEAE6D /* MenuViewController.swift */ = {isa = PBXFileReference; lastKnownFileType = sourcecode.swift; path = MenuViewController.swift; sourceTree = "<group>"; };
		37606AED2359BDE900FEAE6D /* FuncButtons.swift */ = {isa = PBXFileReference; lastKnownFileType = sourcecode.swift; path = FuncButtons.swift; sourceTree = "<group>"; };
		3791A8F22359C3E500212BBC /* FuncView.swift */ = {isa = PBXFileReference; lastKnownFileType = sourcecode.swift; path = FuncView.swift; sourceTree = "<group>"; };
		37DF35D9237E969500437375 /* LevelsInfo.xcdatamodel */ = {isa = PBXFileReference; lastKnownFileType = wrapper.xcdatamodel; path = LevelsInfo.xcdatamodel; sourceTree = "<group>"; };
		37DF35DB237E96BC00437375 /* DataBaseController.swift */ = {isa = PBXFileReference; lastKnownFileType = sourcecode.swift; path = DataBaseController.swift; sourceTree = "<group>"; };
		37DF35E1237E9A4A00437375 /* Statistics+CoreDataClass.swift */ = {isa = PBXFileReference; lastKnownFileType = sourcecode.swift; name = "Statistics+CoreDataClass.swift"; path = "Guns_and_Dungeons/Utils/Statistics+CoreDataClass.swift"; sourceTree = "<group>"; };
		37DF35E2237E9A4A00437375 /* Statistics+CoreDataProperties.swift */ = {isa = PBXFileReference; lastKnownFileType = sourcecode.swift; name = "Statistics+CoreDataProperties.swift"; path = "Guns_and_Dungeons/Utils/Statistics+CoreDataProperties.swift"; sourceTree = "<group>"; };
		7A01D016237D8E1300D0A4E8 /* Joystic.swift */ = {isa = PBXFileReference; lastKnownFileType = sourcecode.swift; path = Joystic.swift; sourceTree = "<group>"; };
		7A02E2E823883638002AD8FD /* Level-2.sks */ = {isa = PBXFileReference; lastKnownFileType = file.sks; path = "Level-2.sks"; sourceTree = "<group>"; };
		7A02E2EA23883DDE002AD8FD /* Level-3.sks */ = {isa = PBXFileReference; lastKnownFileType = file.sks; path = "Level-3.sks"; sourceTree = "<group>"; };
		7A0E9B08239903A700494BCF /* UIObserver.swift */ = {isa = PBXFileReference; lastKnownFileType = sourcecode.swift; path = UIObserver.swift; sourceTree = "<group>"; };
		7A12C94523948EE3009C73D5 /* Switcher.swift */ = {isa = PBXFileReference; lastKnownFileType = sourcecode.swift; path = Switcher.swift; sourceTree = "<group>"; };
		7A18182A2389391A005ECAF1 /* Level-1.sks */ = {isa = PBXFileReference; lastKnownFileType = file.sks; path = "Level-1.sks"; sourceTree = "<group>"; };
		7A1929E8237ED7D400113CB2 /* Player.swift */ = {isa = PBXFileReference; lastKnownFileType = sourcecode.swift; path = Player.swift; sourceTree = "<group>"; };
		7A1929EB237ED8BD00113CB2 /* Enemy.swift */ = {isa = PBXFileReference; lastKnownFileType = sourcecode.swift; path = Enemy.swift; sourceTree = "<group>"; };
		7A1929ED237F6D6D00113CB2 /* FuncsSprites.swift */ = {isa = PBXFileReference; lastKnownFileType = sourcecode.swift; path = FuncsSprites.swift; sourceTree = "<group>"; };
		7A228593237EBB3800546589 /* PanelScrollView.swift */ = {isa = PBXFileReference; lastKnownFileType = sourcecode.swift; path = PanelScrollView.swift; sourceTree = "<group>"; };
		7A228595237EBECA00546589 /* Panel.swift */ = {isa = PBXFileReference; lastKnownFileType = sourcecode.swift; path = Panel.swift; sourceTree = "<group>"; };
		7A228597237EC2E200546589 /* PanelButton.swift */ = {isa = PBXFileReference; lastKnownFileType = sourcecode.swift; path = PanelButton.swift; sourceTree = "<group>"; };
		7A228599237EC40300546589 /* Protocols.swift */ = {isa = PBXFileReference; lastKnownFileType = sourcecode.swift; path = Protocols.swift; sourceTree = "<group>"; };
		7A22859B237EC5A300546589 /* InformationClasses.swift */ = {isa = PBXFileReference; lastKnownFileType = sourcecode.swift; path = InformationClasses.swift; sourceTree = "<group>"; };
		7A22859D237ECC6E00546589 /* MobileUnit.swift */ = {isa = PBXFileReference; lastKnownFileType = sourcecode.swift; path = MobileUnit.swift; sourceTree = "<group>"; };
		7A2EF82B2388432B00FCA1B6 /* Button.swift */ = {isa = PBXFileReference; lastKnownFileType = sourcecode.swift; path = Button.swift; sourceTree = "<group>"; };
		7A3335FF237D417F0044CAA0 /* AnimatedUnit.swift */ = {isa = PBXFileReference; lastKnownFileType = sourcecode.swift; path = AnimatedUnit.swift; sourceTree = "<group>"; };
		7A3C5D8023898D3000CF991D /* gun1.png */ = {isa = PBXFileReference; lastKnownFileType = image.png; path = gun1.png; sourceTree = "<group>"; };
		7A3C5D8123898D3000CF991D /* player.atlas */ = {isa = PBXFileReference; lastKnownFileType = folder.skatlas; path = player.atlas; sourceTree = "<group>"; };
		7A3C5D8223898D3000CF991D /* enemy.atlas */ = {isa = PBXFileReference; lastKnownFileType = folder.skatlas; path = enemy.atlas; sourceTree = "<group>"; };
		7A5AB780238094CF00096A57 /* DestroyableUnit.swift */ = {isa = PBXFileReference; lastKnownFileType = sourcecode.swift; path = DestroyableUnit.swift; sourceTree = "<group>"; };
		7A5AB7822380953900096A57 /* Weapon.swift */ = {isa = PBXFileReference; lastKnownFileType = sourcecode.swift; path = Weapon.swift; sourceTree = "<group>"; };
		7A5AB7842380BA6400096A57 /* EnemiesController.swift */ = {isa = PBXFileReference; lastKnownFileType = sourcecode.swift; name = EnemiesController.swift; path = ../EnemiesController.swift; sourceTree = "<group>"; };
		7A5DCD292384AB030077D876 /* Wall.swift */ = {isa = PBXFileReference; lastKnownFileType = sourcecode.swift; path = Wall.swift; sourceTree = "<group>"; };
		7A6A06BA2392E758005BCB1D /* Level-4.sks */ = {isa = PBXFileReference; lastKnownFileType = file.sks; path = "Level-4.sks"; sourceTree = "<group>"; };
		7A7101DA238DD1AE000AE1E3 /* LevelStatistics.swift */ = {isa = PBXFileReference; lastKnownFileType = sourcecode.swift; path = LevelStatistics.swift; sourceTree = "<group>"; };
		7A8989F6237DD6FC00801E32 /* Enemy.atlas */ = {isa = PBXFileReference; lastKnownFileType = folder.skatlas; path = Enemy.atlas; sourceTree = "<group>"; };
		7A89F61F235A1F7600DEB50A /* SinglePlayerViewController.swift */ = {isa = PBXFileReference; lastKnownFileType = sourcecode.swift; path = SinglePlayerViewController.swift; sourceTree = "<group>"; };
		7A89F621235A23DC00DEB50A /* MultiPlayerViewController.swift */ = {isa = PBXFileReference; lastKnownFileType = sourcecode.swift; path = MultiPlayerViewController.swift; sourceTree = "<group>"; };
		7A89F623235A23F700DEB50A /* ShopViewController.swift */ = {isa = PBXFileReference; lastKnownFileType = sourcecode.swift; path = ShopViewController.swift; sourceTree = "<group>"; };
		7A89F625235A241A00DEB50A /* SettingsViewController.swift */ = {isa = PBXFileReference; lastKnownFileType = sourcecode.swift; path = SettingsViewController.swift; sourceTree = "<group>"; };
		7A89F627235A41D300DEB50A /* Datastructs.swift */ = {isa = PBXFileReference; lastKnownFileType = sourcecode.swift; path = Datastructs.swift; sourceTree = "<group>"; };
		7AA670D1239512E300250EAD /* UIIndicator.swift */ = {isa = PBXFileReference; lastKnownFileType = sourcecode.swift; path = UIIndicator.swift; sourceTree = "<group>"; };
		7ABF54F323849CD3006C2089 /* Enemies.swift */ = {isa = PBXFileReference; lastKnownFileType = sourcecode.swift; path = Enemies.swift; sourceTree = "<group>"; };
		7ABF54F523849E19006C2089 /* CollisionMasks.swift */ = {isa = PBXFileReference; lastKnownFileType = sourcecode.swift; path = CollisionMasks.swift; sourceTree = "<group>"; };
/* End PBXFileReference section */

/* Begin PBXFrameworksBuildPhase section */
		37606ABD2359B98800FEAE6D /* Frameworks */ = {
			isa = PBXFrameworksBuildPhase;
			buildActionMask = 2147483647;
			files = (
			);
			runOnlyForDeploymentPostprocessing = 0;
		};
		37606AD72359B98F00FEAE6D /* Frameworks */ = {
			isa = PBXFrameworksBuildPhase;
			buildActionMask = 2147483647;
			files = (
			);
			runOnlyForDeploymentPostprocessing = 0;
		};
/* End PBXFrameworksBuildPhase section */

/* Begin PBXGroup section */
		37369D0623774915007DC726 /* GameScreen */ = {
			isa = PBXGroup;
			children = (
				7A35E6F52389E95400E0D8C2 /* Map */,
				7A3C5D7E23898D2600CF991D /* Textures */,
				7A2EF82D23884E7B00FCA1B6 /* Interface */,
				7A1929EA237ED86900113CB2 /* Units */,
				7A8989F6237DD6FC00801E32 /* Enemy.atlas */,
				37606AC72359B98800FEAE6D /* Actions.sks */,
				37606AC52359B98800FEAE6D /* GameScene.sks */,
				37606ACB2359B98800FEAE6D /* GameViewController.swift */,
				37606AC92359B98800FEAE6D /* GameScene.swift */,
				7A7101DA238DD1AE000AE1E3 /* LevelStatistics.swift */,
			);
			path = GameScreen;
			sourceTree = "<group>";
		};
		37369D09237749E3007DC726 /* MenuScreen */ = {
			isa = PBXGroup;
			children = (
				7A89F61F235A1F7600DEB50A /* SinglePlayerViewController.swift */,
				7A89F621235A23DC00DEB50A /* MultiPlayerViewController.swift */,
				37606AEB2359BAEB00FEAE6D /* MenuViewController.swift */,
			);
			path = MenuScreen;
			sourceTree = "<group>";
		};
		37369D0A23774A66007DC726 /* Utils */ = {
			isa = PBXGroup;
			children = (
				37DF35DB237E96BC00437375 /* DataBaseController.swift */,
				37DF35D8237E969500437375 /* LevelsInfo.xcdatamodeld */,
				3791A8F22359C3E500212BBC /* FuncView.swift */,
				7A89F627235A41D300DEB50A /* Datastructs.swift */,
				37606AED2359BDE900FEAE6D /* FuncButtons.swift */,
				7A228593237EBB3800546589 /* PanelScrollView.swift */,
				7A228595237EBECA00546589 /* Panel.swift */,
				7A228597237EC2E200546589 /* PanelButton.swift */,
				7A228599237EC40300546589 /* Protocols.swift */,
				7A22859B237EC5A300546589 /* InformationClasses.swift */,
				7A1929ED237F6D6D00113CB2 /* FuncsSprites.swift */,
			);
			path = Utils;
			sourceTree = "<group>";
		};
		37606AB72359B98800FEAE6D = {
			isa = PBXGroup;
			children = (
				37DF35E1237E9A4A00437375 /* Statistics+CoreDataClass.swift */,
				37DF35E2237E9A4A00437375 /* Statistics+CoreDataProperties.swift */,
				37606AC22359B98800FEAE6D /* Guns_and_Dungeons */,
				37606ADD2359B98F00FEAE6D /* Guns_and_DungeonsTests */,
				37606AC12359B98800FEAE6D /* Products */,
			);
			sourceTree = "<group>";
		};
		37606AC12359B98800FEAE6D /* Products */ = {
			isa = PBXGroup;
			children = (
				37606AC02359B98800FEAE6D /* Guns_and_Dungeons.app */,
				37606ADA2359B98F00FEAE6D /* Guns_and_DungeonsTests.xctest */,
			);
			name = Products;
			sourceTree = "<group>";
		};
		37606AC22359B98800FEAE6D /* Guns_and_Dungeons */ = {
			isa = PBXGroup;
			children = (
				7A0E9B0C23991CE600494BCF /* SettingsScreen */,
				7A0E9B072399036900494BCF /* ShopScreen */,
				7A02E2E523883336002AD8FD /* Levels */,
				37369D0A23774A66007DC726 /* Utils */,
				37369D09237749E3007DC726 /* MenuScreen */,
				37369D0623774915007DC726 /* GameScreen */,
				37606AC32359B98800FEAE6D /* AppDelegate.swift */,
				37606AE92359BAA100FEAE6D /* MainNavigationController.swift */,
				37606AD02359B98E00FEAE6D /* Assets.xcassets */,
				37606AD22359B98E00FEAE6D /* LaunchScreen.storyboard */,
				37606AD52359B98E00FEAE6D /* Info.plist */,
				37076174238DA45400D617D5 /* Geometry.swift */,
			);
			path = Guns_and_Dungeons;
			sourceTree = "<group>";
		};
		37606ADD2359B98F00FEAE6D /* Guns_and_DungeonsTests */ = {
			isa = PBXGroup;
			children = (
				37606ADE2359B98F00FEAE6D /* Guns_and_DungeonsTests.swift */,
				37606AE02359B98F00FEAE6D /* Info.plist */,
			);
			path = Guns_and_DungeonsTests;
			sourceTree = "<group>";
		};
		7A02E2E523883336002AD8FD /* Levels */ = {
			isa = PBXGroup;
			children = (
				372651412374B4E5007C841D /* MyTileSet.sks */,
				7A18182A2389391A005ECAF1 /* Level-1.sks */,
				7A02E2E823883638002AD8FD /* Level-2.sks */,
				7A02E2EA23883DDE002AD8FD /* Level-3.sks */,
				7A6A06BA2392E758005BCB1D /* Level-4.sks */,
			);
			path = Levels;
			sourceTree = "<group>";
		};
		7A0E9B072399036900494BCF /* ShopScreen */ = {
			isa = PBXGroup;
			children = (
				7A89F623235A23F700DEB50A /* ShopViewController.swift */,
				7A0E9B08239903A700494BCF /* UIObserver.swift */,
			);
			path = ShopScreen;
			sourceTree = "<group>";
		};
		7A0E9B0C23991CE600494BCF /* SettingsScreen */ = {
			isa = PBXGroup;
			children = (
				7A12C94523948EE3009C73D5 /* Switcher.swift */,
				7AA670D1239512E300250EAD /* UIIndicator.swift */,
				7A89F625235A241A00DEB50A /* SettingsViewController.swift */,
			);
			path = SettingsScreen;
			sourceTree = "<group>";
		};
		7A1929EA237ED86900113CB2 /* Units */ = {
			isa = PBXGroup;
			children = (
				7A22859D237ECC6E00546589 /* MobileUnit.swift */,
				7A3335FF237D417F0044CAA0 /* AnimatedUnit.swift */,
				7A1929E8237ED7D400113CB2 /* Player.swift */,
				7A1929EB237ED8BD00113CB2 /* Enemy.swift */,
				7A5AB780238094CF00096A57 /* DestroyableUnit.swift */,
				7A5AB7822380953900096A57 /* Weapon.swift */,
				7ABF54F323849CD3006C2089 /* Enemies.swift */,
				7A5AB7842380BA6400096A57 /* EnemiesController.swift */,
				7ABF54F523849E19006C2089 /* CollisionMasks.swift */,
			);
			path = Units;
			sourceTree = "<group>";
		};
		7A2EF82D23884E7B00FCA1B6 /* Interface */ = {
			isa = PBXGroup;
			children = (
				7A01D016237D8E1300D0A4E8 /* Joystic.swift */,
				7A2EF82B2388432B00FCA1B6 /* Button.swift */,
			);
			path = Interface;
			sourceTree = "<group>";
		};
		7A35E6F52389E95400E0D8C2 /* Map */ = {
			isa = PBXGroup;
			children = (
				7A5DCD292384AB030077D876 /* Wall.swift */,
			);
			path = Map;
			sourceTree = "<group>";
		};
		7A3C5D7E23898D2600CF991D /* Textures */ = {
			isa = PBXGroup;
			children = (
				7A3C5D8223898D3000CF991D /* enemy.atlas */,
				7A3C5D7F23898D3000CF991D /* guns */,
				7A3C5D8123898D3000CF991D /* player.atlas */,
			);
			path = Textures;
			sourceTree = "<group>";
		};
		7A3C5D7F23898D3000CF991D /* guns */ = {
			isa = PBXGroup;
			children = (
				7A3C5D8023898D3000CF991D /* gun1.png */,
			);
			path = guns;
			sourceTree = "<group>";
		};
/* End PBXGroup section */

/* Begin PBXNativeTarget section */
		37606ABF2359B98800FEAE6D /* Guns_and_Dungeons */ = {
			isa = PBXNativeTarget;
			buildConfigurationList = 37606AE32359B98F00FEAE6D /* Build configuration list for PBXNativeTarget "Guns_and_Dungeons" */;
			buildPhases = (
				37606ABC2359B98800FEAE6D /* Sources */,
				37606ABD2359B98800FEAE6D /* Frameworks */,
				37606ABE2359B98800FEAE6D /* Resources */,
			);
			buildRules = (
			);
			dependencies = (
			);
			name = Guns_and_Dungeons;
			productName = Guns_and_Dungeons;
			productReference = 37606AC02359B98800FEAE6D /* Guns_and_Dungeons.app */;
			productType = "com.apple.product-type.application";
		};
		37606AD92359B98F00FEAE6D /* Guns_and_DungeonsTests */ = {
			isa = PBXNativeTarget;
			buildConfigurationList = 37606AE62359B98F00FEAE6D /* Build configuration list for PBXNativeTarget "Guns_and_DungeonsTests" */;
			buildPhases = (
				37606AD62359B98F00FEAE6D /* Sources */,
				37606AD72359B98F00FEAE6D /* Frameworks */,
				37606AD82359B98F00FEAE6D /* Resources */,
			);
			buildRules = (
			);
			dependencies = (
				37606ADC2359B98F00FEAE6D /* PBXTargetDependency */,
			);
			name = Guns_and_DungeonsTests;
			productName = Guns_and_DungeonsTests;
			productReference = 37606ADA2359B98F00FEAE6D /* Guns_and_DungeonsTests.xctest */;
			productType = "com.apple.product-type.bundle.unit-test";
		};
/* End PBXNativeTarget section */

/* Begin PBXProject section */
		37606AB82359B98800FEAE6D /* Project object */ = {
			isa = PBXProject;
			attributes = {
				LastSwiftUpdateCheck = 1110;
				LastUpgradeCheck = 1110;
				ORGANIZATIONNAME = "Роман Агеев";
				TargetAttributes = {
					37606ABF2359B98800FEAE6D = {
						CreatedOnToolsVersion = 11.1;
					};
					37606AD92359B98F00FEAE6D = {
						CreatedOnToolsVersion = 11.1;
						TestTargetID = 37606ABF2359B98800FEAE6D;
					};
				};
			};
			buildConfigurationList = 37606ABB2359B98800FEAE6D /* Build configuration list for PBXProject "Guns_and_Dungeons" */;
			compatibilityVersion = "Xcode 9.3";
			developmentRegion = en;
			hasScannedForEncodings = 0;
			knownRegions = (
				en,
				Base,
			);
			mainGroup = 37606AB72359B98800FEAE6D;
			productRefGroup = 37606AC12359B98800FEAE6D /* Products */;
			projectDirPath = "";
			projectRoot = "";
			targets = (
				37606ABF2359B98800FEAE6D /* Guns_and_Dungeons */,
				37606AD92359B98F00FEAE6D /* Guns_and_DungeonsTests */,
			);
		};
/* End PBXProject section */

/* Begin PBXResourcesBuildPhase section */
		37606ABE2359B98800FEAE6D /* Resources */ = {
			isa = PBXResourcesBuildPhase;
			buildActionMask = 2147483647;
			files = (
				7A3C5D8423898D3000CF991D /* player.atlas in Resources */,
				7A3C5D8323898D3000CF991D /* gun1.png in Resources */,
				37606AC62359B98800FEAE6D /* GameScene.sks in Resources */,
				7A02E2E923883638002AD8FD /* Level-2.sks in Resources */,
				37606AD12359B98E00FEAE6D /* Assets.xcassets in Resources */,
				7A18182B2389391A005ECAF1 /* Level-1.sks in Resources */,
				7A8989F7237DD6FC00801E32 /* Enemy.atlas in Resources */,
				37606AD42359B98E00FEAE6D /* LaunchScreen.storyboard in Resources */,
				7A02E2EB23883DDE002AD8FD /* Level-3.sks in Resources */,
				7A6A06BB2392E758005BCB1D /* Level-4.sks in Resources */,
				372651422374B4E5007C841D /* MyTileSet.sks in Resources */,
				7A3C5D8523898D3000CF991D /* enemy.atlas in Resources */,
				37606AC82359B98800FEAE6D /* Actions.sks in Resources */,
			);
			runOnlyForDeploymentPostprocessing = 0;
		};
		37606AD82359B98F00FEAE6D /* Resources */ = {
			isa = PBXResourcesBuildPhase;
			buildActionMask = 2147483647;
			files = (
			);
			runOnlyForDeploymentPostprocessing = 0;
		};
/* End PBXResourcesBuildPhase section */

/* Begin PBXSourcesBuildPhase section */
		37606ABC2359B98800FEAE6D /* Sources */ = {
			isa = PBXSourcesBuildPhase;
			buildActionMask = 2147483647;
			files = (
				7A5AB7832380953900096A57 /* Weapon.swift in Sources */,
				37DF35DC237E96BC00437375 /* DataBaseController.swift in Sources */,
				7A333600237D417F0044CAA0 /* AnimatedUnit.swift in Sources */,
				7A22859C237EC5A300546589 /* InformationClasses.swift in Sources */,
				37606ACA2359B98800FEAE6D /* GameScene.swift in Sources */,
				7A228598237EC2E200546589 /* PanelButton.swift in Sources */,
				37606AEE2359BDE900FEAE6D /* FuncButtons.swift in Sources */,
				7A89F626235A241A00DEB50A /* SettingsViewController.swift in Sources */,
				7A01D017237D8E1300D0A4E8 /* Joystic.swift in Sources */,
				7A5DCD2A2384AB030077D876 /* Wall.swift in Sources */,
				7A22859A237EC40300546589 /* Protocols.swift in Sources */,
				7A5AB7852380BA6400096A57 /* EnemiesController.swift in Sources */,
				7A0E9B09239903A700494BCF /* UIObserver.swift in Sources */,
				7A1929E9237ED7D400113CB2 /* Player.swift in Sources */,
				7A89F624235A23F700DEB50A /* ShopViewController.swift in Sources */,
				7A1929EE237F6D6E00113CB2 /* FuncsSprites.swift in Sources */,
				7A5AB781238094CF00096A57 /* DestroyableUnit.swift in Sources */,
				37DF35DA237E969500437375 /* LevelsInfo.xcdatamodeld in Sources */,
				7A12C94623948EE3009C73D5 /* Switcher.swift in Sources */,
				37076175238DA45400D617D5 /* Geometry.swift in Sources */,
				37DF35E4237E9A4A00437375 /* Statistics+CoreDataProperties.swift in Sources */,
				7A89F620235A1F7600DEB50A /* SinglePlayerViewController.swift in Sources */,
				37606AEC2359BAEB00FEAE6D /* MenuViewController.swift in Sources */,
				7A228596237EBECA00546589 /* Panel.swift in Sources */,
				7AA670D2239512E300250EAD /* UIIndicator.swift in Sources */,
				7A89F628235A41D300DEB50A /* Datastructs.swift in Sources */,
				37606ACC2359B98800FEAE6D /* GameViewController.swift in Sources */,
				7A228594237EBB3800546589 /* PanelScrollView.swift in Sources */,
				7ABF54F423849CD3006C2089 /* Enemies.swift in Sources */,
				37DF35E3237E9A4A00437375 /* Statistics+CoreDataClass.swift in Sources */,
				37606AEA2359BAA100FEAE6D /* MainNavigationController.swift in Sources */,
				7A89F622235A23DC00DEB50A /* MultiPlayerViewController.swift in Sources */,
				37606AC42359B98800FEAE6D /* AppDelegate.swift in Sources */,
				7A1929EC237ED8BD00113CB2 /* Enemy.swift in Sources */,
				7A7101DB238DD1AE000AE1E3 /* LevelStatistics.swift in Sources */,
				3791A8F32359C3E500212BBC /* FuncView.swift in Sources */,
				7ABF54F623849E19006C2089 /* CollisionMasks.swift in Sources */,
				7A22859E237ECC6E00546589 /* MobileUnit.swift in Sources */,
				7A2EF82C2388432B00FCA1B6 /* Button.swift in Sources */,
			);
			runOnlyForDeploymentPostprocessing = 0;
		};
		37606AD62359B98F00FEAE6D /* Sources */ = {
			isa = PBXSourcesBuildPhase;
			buildActionMask = 2147483647;
			files = (
				37606ADF2359B98F00FEAE6D /* Guns_and_DungeonsTests.swift in Sources */,
			);
			runOnlyForDeploymentPostprocessing = 0;
		};
/* End PBXSourcesBuildPhase section */

/* Begin PBXTargetDependency section */
		37606ADC2359B98F00FEAE6D /* PBXTargetDependency */ = {
			isa = PBXTargetDependency;
			target = 37606ABF2359B98800FEAE6D /* Guns_and_Dungeons */;
			targetProxy = 37606ADB2359B98F00FEAE6D /* PBXContainerItemProxy */;
		};
/* End PBXTargetDependency section */

/* Begin PBXVariantGroup section */
		37606AD22359B98E00FEAE6D /* LaunchScreen.storyboard */ = {
			isa = PBXVariantGroup;
			children = (
				37606AD32359B98E00FEAE6D /* Base */,
			);
			name = LaunchScreen.storyboard;
			sourceTree = "<group>";
		};
/* End PBXVariantGroup section */

/* Begin XCBuildConfiguration section */
		37606AE12359B98F00FEAE6D /* Debug */ = {
			isa = XCBuildConfiguration;
			buildSettings = {
				ALWAYS_SEARCH_USER_PATHS = NO;
				CLANG_ANALYZER_NONNULL = YES;
				CLANG_ANALYZER_NUMBER_OBJECT_CONVERSION = YES_AGGRESSIVE;
				CLANG_CXX_LANGUAGE_STANDARD = "gnu++14";
				CLANG_CXX_LIBRARY = "libc++";
				CLANG_ENABLE_MODULES = YES;
				CLANG_ENABLE_OBJC_ARC = YES;
				CLANG_ENABLE_OBJC_WEAK = YES;
				CLANG_WARN_BLOCK_CAPTURE_AUTORELEASING = YES;
				CLANG_WARN_BOOL_CONVERSION = YES;
				CLANG_WARN_COMMA = YES;
				CLANG_WARN_CONSTANT_CONVERSION = YES;
				CLANG_WARN_DEPRECATED_OBJC_IMPLEMENTATIONS = YES;
				CLANG_WARN_DIRECT_OBJC_ISA_USAGE = YES_ERROR;
				CLANG_WARN_DOCUMENTATION_COMMENTS = YES;
				CLANG_WARN_EMPTY_BODY = YES;
				CLANG_WARN_ENUM_CONVERSION = YES;
				CLANG_WARN_INFINITE_RECURSION = YES;
				CLANG_WARN_INT_CONVERSION = YES;
				CLANG_WARN_NON_LITERAL_NULL_CONVERSION = YES;
				CLANG_WARN_OBJC_IMPLICIT_RETAIN_SELF = YES;
				CLANG_WARN_OBJC_LITERAL_CONVERSION = YES;
				CLANG_WARN_OBJC_ROOT_CLASS = YES_ERROR;
				CLANG_WARN_RANGE_LOOP_ANALYSIS = YES;
				CLANG_WARN_STRICT_PROTOTYPES = YES;
				CLANG_WARN_SUSPICIOUS_MOVE = YES;
				CLANG_WARN_UNGUARDED_AVAILABILITY = YES_AGGRESSIVE;
				CLANG_WARN_UNREACHABLE_CODE = YES;
				CLANG_WARN__DUPLICATE_METHOD_MATCH = YES;
				COPY_PHASE_STRIP = NO;
				DEBUG_INFORMATION_FORMAT = dwarf;
				ENABLE_STRICT_OBJC_MSGSEND = YES;
				ENABLE_TESTABILITY = YES;
				GCC_C_LANGUAGE_STANDARD = gnu11;
				GCC_DYNAMIC_NO_PIC = NO;
				GCC_NO_COMMON_BLOCKS = YES;
				GCC_OPTIMIZATION_LEVEL = 0;
				GCC_PREPROCESSOR_DEFINITIONS = (
					"DEBUG=1",
					"$(inherited)",
				);
				GCC_WARN_64_TO_32_BIT_CONVERSION = YES;
				GCC_WARN_ABOUT_RETURN_TYPE = YES_ERROR;
				GCC_WARN_UNDECLARED_SELECTOR = YES;
				GCC_WARN_UNINITIALIZED_AUTOS = YES_AGGRESSIVE;
				GCC_WARN_UNUSED_FUNCTION = YES;
				GCC_WARN_UNUSED_VARIABLE = YES;
				IPHONEOS_DEPLOYMENT_TARGET = 13.1;
				MTL_ENABLE_DEBUG_INFO = INCLUDE_SOURCE;
				MTL_FAST_MATH = YES;
				ONLY_ACTIVE_ARCH = YES;
				SDKROOT = iphoneos;
				SWIFT_ACTIVE_COMPILATION_CONDITIONS = DEBUG;
				SWIFT_OPTIMIZATION_LEVEL = "-Onone";
			};
			name = Debug;
		};
		37606AE22359B98F00FEAE6D /* Release */ = {
			isa = XCBuildConfiguration;
			buildSettings = {
				ALWAYS_SEARCH_USER_PATHS = NO;
				CLANG_ANALYZER_NONNULL = YES;
				CLANG_ANALYZER_NUMBER_OBJECT_CONVERSION = YES_AGGRESSIVE;
				CLANG_CXX_LANGUAGE_STANDARD = "gnu++14";
				CLANG_CXX_LIBRARY = "libc++";
				CLANG_ENABLE_MODULES = YES;
				CLANG_ENABLE_OBJC_ARC = YES;
				CLANG_ENABLE_OBJC_WEAK = YES;
				CLANG_WARN_BLOCK_CAPTURE_AUTORELEASING = YES;
				CLANG_WARN_BOOL_CONVERSION = YES;
				CLANG_WARN_COMMA = YES;
				CLANG_WARN_CONSTANT_CONVERSION = YES;
				CLANG_WARN_DEPRECATED_OBJC_IMPLEMENTATIONS = YES;
				CLANG_WARN_DIRECT_OBJC_ISA_USAGE = YES_ERROR;
				CLANG_WARN_DOCUMENTATION_COMMENTS = YES;
				CLANG_WARN_EMPTY_BODY = YES;
				CLANG_WARN_ENUM_CONVERSION = YES;
				CLANG_WARN_INFINITE_RECURSION = YES;
				CLANG_WARN_INT_CONVERSION = YES;
				CLANG_WARN_NON_LITERAL_NULL_CONVERSION = YES;
				CLANG_WARN_OBJC_IMPLICIT_RETAIN_SELF = YES;
				CLANG_WARN_OBJC_LITERAL_CONVERSION = YES;
				CLANG_WARN_OBJC_ROOT_CLASS = YES_ERROR;
				CLANG_WARN_RANGE_LOOP_ANALYSIS = YES;
				CLANG_WARN_STRICT_PROTOTYPES = YES;
				CLANG_WARN_SUSPICIOUS_MOVE = YES;
				CLANG_WARN_UNGUARDED_AVAILABILITY = YES_AGGRESSIVE;
				CLANG_WARN_UNREACHABLE_CODE = YES;
				CLANG_WARN__DUPLICATE_METHOD_MATCH = YES;
				COPY_PHASE_STRIP = NO;
				DEBUG_INFORMATION_FORMAT = "dwarf-with-dsym";
				ENABLE_NS_ASSERTIONS = NO;
				ENABLE_STRICT_OBJC_MSGSEND = YES;
				GCC_C_LANGUAGE_STANDARD = gnu11;
				GCC_NO_COMMON_BLOCKS = YES;
				GCC_WARN_64_TO_32_BIT_CONVERSION = YES;
				GCC_WARN_ABOUT_RETURN_TYPE = YES_ERROR;
				GCC_WARN_UNDECLARED_SELECTOR = YES;
				GCC_WARN_UNINITIALIZED_AUTOS = YES_AGGRESSIVE;
				GCC_WARN_UNUSED_FUNCTION = YES;
				GCC_WARN_UNUSED_VARIABLE = YES;
				IPHONEOS_DEPLOYMENT_TARGET = 13.1;
				MTL_ENABLE_DEBUG_INFO = NO;
				MTL_FAST_MATH = YES;
				SDKROOT = iphoneos;
				SWIFT_COMPILATION_MODE = wholemodule;
				SWIFT_OPTIMIZATION_LEVEL = "-O";
				VALIDATE_PRODUCT = YES;
			};
			name = Release;
		};
		37606AE42359B98F00FEAE6D /* Debug */ = {
			isa = XCBuildConfiguration;
			buildSettings = {
				ASSETCATALOG_COMPILER_APPICON_NAME = AppIcon;
				CODE_SIGN_STYLE = Automatic;
				DEVELOPMENT_TEAM = MC2GBQYTYU;
				INFOPLIST_FILE = Guns_and_Dungeons/Info.plist;
				IPHONEOS_DEPLOYMENT_TARGET = 12.3;
				LD_RUNPATH_SEARCH_PATHS = (
					"$(inherited)",
					"@executable_path/Frameworks",
				);
				PRODUCT_BUNDLE_IDENTIFIER = "Guns-and-Dungeons";
				PRODUCT_NAME = "$(TARGET_NAME)";
				SWIFT_VERSION = 5.0;
				TARGETED_DEVICE_FAMILY = "1,2";
			};
			name = Debug;
		};
		37606AE52359B98F00FEAE6D /* Release */ = {
			isa = XCBuildConfiguration;
			buildSettings = {
				ASSETCATALOG_COMPILER_APPICON_NAME = AppIcon;
				CODE_SIGN_STYLE = Automatic;
				DEVELOPMENT_TEAM = MC2GBQYTYU;
				INFOPLIST_FILE = Guns_and_Dungeons/Info.plist;
				IPHONEOS_DEPLOYMENT_TARGET = 12.3;
				LD_RUNPATH_SEARCH_PATHS = (
					"$(inherited)",
					"@executable_path/Frameworks",
				);
				PRODUCT_BUNDLE_IDENTIFIER = "Guns-and-Dungeons";
				PRODUCT_NAME = "$(TARGET_NAME)";
				SWIFT_VERSION = 5.0;
				TARGETED_DEVICE_FAMILY = "1,2";
			};
			name = Release;
		};
		37606AE72359B98F00FEAE6D /* Debug */ = {
			isa = XCBuildConfiguration;
			buildSettings = {
				ALWAYS_EMBED_SWIFT_STANDARD_LIBRARIES = YES;
				BUNDLE_LOADER = "$(TEST_HOST)";
				CODE_SIGN_STYLE = Automatic;
				INFOPLIST_FILE = Guns_and_DungeonsTests/Info.plist;
				IPHONEOS_DEPLOYMENT_TARGET = 13.1;
				LD_RUNPATH_SEARCH_PATHS = (
					"$(inherited)",
					"@executable_path/Frameworks",
					"@loader_path/Frameworks",
				);
				PRODUCT_BUNDLE_IDENTIFIER = "macobeserver-com.Guns-and-DungeonsTests";
				PRODUCT_NAME = "$(TARGET_NAME)";
				SWIFT_VERSION = 5.0;
				TARGETED_DEVICE_FAMILY = "1,2";
				TEST_HOST = "$(BUILT_PRODUCTS_DIR)/Guns_and_Dungeons.app/Guns_and_Dungeons";
			};
			name = Debug;
		};
		37606AE82359B98F00FEAE6D /* Release */ = {
			isa = XCBuildConfiguration;
			buildSettings = {
				ALWAYS_EMBED_SWIFT_STANDARD_LIBRARIES = YES;
				BUNDLE_LOADER = "$(TEST_HOST)";
				CODE_SIGN_STYLE = Automatic;
				INFOPLIST_FILE = Guns_and_DungeonsTests/Info.plist;
				IPHONEOS_DEPLOYMENT_TARGET = 13.1;
				LD_RUNPATH_SEARCH_PATHS = (
					"$(inherited)",
					"@executable_path/Frameworks",
					"@loader_path/Frameworks",
				);
				PRODUCT_BUNDLE_IDENTIFIER = "macobeserver-com.Guns-and-DungeonsTests";
				PRODUCT_NAME = "$(TARGET_NAME)";
				SWIFT_VERSION = 5.0;
				TARGETED_DEVICE_FAMILY = "1,2";
				TEST_HOST = "$(BUILT_PRODUCTS_DIR)/Guns_and_Dungeons.app/Guns_and_Dungeons";
			};
			name = Release;
		};
/* End XCBuildConfiguration section */

/* Begin XCConfigurationList section */
		37606ABB2359B98800FEAE6D /* Build configuration list for PBXProject "Guns_and_Dungeons" */ = {
			isa = XCConfigurationList;
			buildConfigurations = (
				37606AE12359B98F00FEAE6D /* Debug */,
				37606AE22359B98F00FEAE6D /* Release */,
			);
			defaultConfigurationIsVisible = 0;
			defaultConfigurationName = Release;
		};
		37606AE32359B98F00FEAE6D /* Build configuration list for PBXNativeTarget "Guns_and_Dungeons" */ = {
			isa = XCConfigurationList;
			buildConfigurations = (
				37606AE42359B98F00FEAE6D /* Debug */,
				37606AE52359B98F00FEAE6D /* Release */,
			);
			defaultConfigurationIsVisible = 0;
			defaultConfigurationName = Release;
		};
		37606AE62359B98F00FEAE6D /* Build configuration list for PBXNativeTarget "Guns_and_DungeonsTests" */ = {
			isa = XCConfigurationList;
			buildConfigurations = (
				37606AE72359B98F00FEAE6D /* Debug */,
				37606AE82359B98F00FEAE6D /* Release */,
			);
			defaultConfigurationIsVisible = 0;
			defaultConfigurationName = Release;
		};
/* End XCConfigurationList section */

/* Begin XCVersionGroup section */
		37DF35D8237E969500437375 /* LevelsInfo.xcdatamodeld */ = {
			isa = XCVersionGroup;
			children = (
				37DF35D9237E969500437375 /* LevelsInfo.xcdatamodel */,
			);
			currentVersion = 37DF35D9237E969500437375 /* LevelsInfo.xcdatamodel */;
			path = LevelsInfo.xcdatamodeld;
			sourceTree = "<group>";
			versionGroupType = wrapper.xcdatamodel;
		};
/* End XCVersionGroup section */
	};
	rootObject = 37606AB82359B98800FEAE6D /* Project object */;
}
